
Microsoft Visual Studio Solution File, Format Version 12.00
# Visual Studio Version 16
VisualStudioVersion = 16.0.29709.97
MinimumVisualStudioVersion = 10.0.40219.1
Project("{9A19103F-16F7-4668-BE54-9A1E7A4F7556}") = "RegistroP", "RegistroP.csproj", "{2250B25D-7976-4832-B882-FAAADB97FA11}"
EndProject
Project("{2150E333-8FDC-42A3-9474-1A3956D46DE8}") = "Solution Items", "Solution Items", "{6E601722-DA11-4428-87D4-15B6B3C5AF11}"
	ProjectSection(SolutionItems) = preProject
		.editorconfig = .editorconfig
	EndProjectSection
EndProject
Project("{FAE04EC0-301F-11D3-BF4B-00C04F79EFBC}") = "RegistroPTests", "..\RegistroPTests\RegistroPTests.csproj", "{18599A51-953E-47FE-B8B2-51B3791EE95B}"
EndProject
Global
	GlobalSection(SolutionConfigurationPlatforms) = preSolution
		Debug|Any CPU = Debug|Any CPU
		Release|Any CPU = Release|Any CPU
	EndGlobalSection
	GlobalSection(ProjectConfigurationPlatforms) = postSolution
		{2250B25D-7976-4832-B882-FAAADB97FA11}.Debug|Any CPU.ActiveCfg = Debug|Any CPU
		{2250B25D-7976-4832-B882-FAAADB97FA11}.Debug|Any CPU.Build.0 = Debug|Any CPU
		{2250B25D-7976-4832-B882-FAAADB97FA11}.Release|Any CPU.ActiveCfg = Release|Any CPU
		{2250B25D-7976-4832-B882-FAAADB97FA11}.Release|Any CPU.Build.0 = Release|Any CPU
		{18599A51-953E-47FE-B8B2-51B3791EE95B}.Debug|Any CPU.ActiveCfg = Debug|Any CPU
		{18599A51-953E-47FE-B8B2-51B3791EE95B}.Debug|Any CPU.Build.0 = Debug|Any CPU
		{18599A51-953E-47FE-B8B2-51B3791EE95B}.Release|Any CPU.ActiveCfg = Release|Any CPU
		{18599A51-953E-47FE-B8B2-51B3791EE95B}.Release|Any CPU.Build.0 = Release|Any CPU
	EndGlobalSection
	GlobalSection(SolutionProperties) = preSolution
		HideSolutionNode = FALSE
	EndGlobalSection
	GlobalSection(ExtensibilityGlobals) = postSolution
		SolutionGuid = {608FDF75-0952-4BA3-9BA4-9C2C8F0E000B}
	EndGlobalSection
EndGlobal
